
Microsoft Visual Studio Solution File, Format Version 12.00
# Visual Studio 14
VisualStudioVersion = 14.0.25420.1
MinimumVisualStudioVersion = 10.0.40219.1
Project("{FAE04EC0-301F-11D3-BF4B-00C04F79EFBC}") = "01.Money", "01.Money\01.Money.csproj", "{55D08651-DAAF-4657-BB40-0BB1FF33598B}"
EndProject
Project("{FAE04EC0-301F-11D3-BF4B-00C04F79EFBC}") = "02.Harvest", "02.Harvest\02.Harvest.csproj", "{BE71C3AB-E58D-4DA2-A908-C245B6593463}"
EndProject
Project("{FAE04EC0-301F-11D3-BF4B-00C04F79EFBC}") = "03.MatchTickets", "03.MatchTickets\03.MatchTickets.csproj", "{FD5F880B-4453-409A-9A39-B2A26FEAB8F2}"
EndProject
Project("{FAE04EC0-301F-11D3-BF4B-00C04F79EFBC}") = "04.BackToPast", "04.BackToPast\04.BackToPast.csproj", "{9D93F661-E269-49E5-8F17-4A2F8C978C1F}"
EndProject
Global
	GlobalSection(SolutionConfigurationPlatforms) = preSolution
		Debug|Any CPU = Debug|Any CPU
		Release|Any CPU = Release|Any CPU
	EndGlobalSection
	GlobalSection(ProjectConfigurationPlatforms) = postSolution
		{55D08651-DAAF-4657-BB40-0BB1FF33598B}.Debug|Any CPU.ActiveCfg = Debug|Any CPU
		{55D08651-DAAF-4657-BB40-0BB1FF33598B}.Debug|Any CPU.Build.0 = Debug|Any CPU
		{55D08651-DAAF-4657-BB40-0BB1FF33598B}.Release|Any CPU.ActiveCfg = Release|Any CPU
		{55D08651-DAAF-4657-BB40-0BB1FF33598B}.Release|Any CPU.Build.0 = Release|Any CPU
		{BE71C3AB-E58D-4DA2-A908-C245B6593463}.Debug|Any CPU.ActiveCfg = Debug|Any CPU
		{BE71C3AB-E58D-4DA2-A908-C245B6593463}.Debug|Any CPU.Build.0 = Debug|Any CPU
		{BE71C3AB-E58D-4DA2-A908-C245B6593463}.Release|Any CPU.ActiveCfg = Release|Any CPU
		{BE71C3AB-E58D-4DA2-A908-C245B6593463}.Release|Any CPU.Build.0 = Release|Any CPU
		{FD5F880B-4453-409A-9A39-B2A26FEAB8F2}.Debug|Any CPU.ActiveCfg = Debug|Any CPU
		{FD5F880B-4453-409A-9A39-B2A26FEAB8F2}.Debug|Any CPU.Build.0 = Debug|Any CPU
		{FD5F880B-4453-409A-9A39-B2A26FEAB8F2}.Release|Any CPU.ActiveCfg = Release|Any CPU
		{FD5F880B-4453-409A-9A39-B2A26FEAB8F2}.Release|Any CPU.Build.0 = Release|Any CPU
		{9D93F661-E269-49E5-8F17-4A2F8C978C1F}.Debug|Any CPU.ActiveCfg = Debug|Any CPU
		{9D93F661-E269-49E5-8F17-4A2F8C978C1F}.Debug|Any CPU.Build.0 = Debug|Any CPU
		{9D93F661-E269-49E5-8F17-4A2F8C978C1F}.Release|Any CPU.ActiveCfg = Release|Any CPU
		{9D93F661-E269-49E5-8F17-4A2F8C978C1F}.Release|Any CPU.Build.0 = Release|Any CPU
	EndGlobalSection
	GlobalSection(SolutionProperties) = preSolution
		HideSolutionNode = FALSE
	EndGlobalSection
EndGlobal
