
Microsoft Visual Studio Solution File, Format Version 12.00
# Visual Studio 14
VisualStudioVersion = 14.0.25420.1
MinimumVisualStudioVersion = 10.0.40219.1
Project("{FAE04EC0-301F-11D3-BF4B-00C04F79EFBC}") = "01.PersonalTitles", "01.PersonalTitles\01.PersonalTitles.csproj", "{E0BF7BA4-0194-423C-8820-0CED8CC6D206}"
EndProject
Project("{FAE04EC0-301F-11D3-BF4B-00C04F79EFBC}") = "02.SmallShop", "02.SmallShop\02.SmallShop.csproj", "{D599D503-54A2-421C-B21C-8496D4A40F34}"
EndProject
Project("{FAE04EC0-301F-11D3-BF4B-00C04F79EFBC}") = "03.PointInRectangle", "03.PointInRectangle\03.PointInRectangle.csproj", "{D9851D2E-6FA3-4AEB-9A4C-D0B996956E24}"
EndProject
Project("{FAE04EC0-301F-11D3-BF4B-00C04F79EFBC}") = "04FruitsOrVegetables", "04FruitsOrVegetables\04FruitsOrVegetables.csproj", "{F2405C14-3FF3-44DD-86D1-86279BB32526}"
EndProject
Project("{FAE04EC0-301F-11D3-BF4B-00C04F79EFBC}") = "05.InvalidNumber", "05.InvalidNumber\05.InvalidNumber.csproj", "{68AD0B7E-B439-49DD-839F-E5BD93EC75F7}"
EndProject
Project("{FAE04EC0-301F-11D3-BF4B-00C04F79EFBC}") = "06.PointOnRectangleBorder", "06.PointOnRectangleBorder\06.PointOnRectangleBorder.csproj", "{42EC8184-0B2C-4BA6-B87E-6C944F41CB17}"
EndProject
Project("{FAE04EC0-301F-11D3-BF4B-00C04F79EFBC}") = "07.FruitShop", "07.FruitShop\07.FruitShop.csproj", "{261C7E49-FC6A-4C70-AD78-A19D9A5374FE}"
EndProject
Project("{FAE04EC0-301F-11D3-BF4B-00C04F79EFBC}") = "08.TradeComissions", "08.TradeComissions\08.TradeComissions.csproj", "{A21653DD-E130-4E74-BD6F-80BBED73B2DD}"
EndProject
Project("{FAE04EC0-301F-11D3-BF4B-00C04F79EFBC}") = "09.DayOfWeek", "09.DayOfWeek\09.DayOfWeek.csproj", "{C18DB166-5BC5-4D1F-A689-2A552587A024}"
EndProject
Project("{FAE04EC0-301F-11D3-BF4B-00C04F79EFBC}") = "10.AnimalType", "10.AnimalType\10.AnimalType.csproj", "{9BD289DE-7497-4017-A705-5078D517D505}"
EndProject
Project("{FAE04EC0-301F-11D3-BF4B-00C04F79EFBC}") = "12.Cinema", "12.Cinema\12.Cinema.csproj", "{37F661FE-6124-4D97-9B3C-930CD2BD2022}"
EndProject
Project("{FAE04EC0-301F-11D3-BF4B-00C04F79EFBC}") = "13.Volleyball", "13.Volleyball\13.Volleyball.csproj", "{DD34DA0A-30E0-4D53-910F-DC1C5BCFA8B2}"
EndProject
Project("{FAE04EC0-301F-11D3-BF4B-00C04F79EFBC}") = "11.PointAndRectangle", "11.PointAndRectangle\11.PointAndRectangle.csproj", "{2A04A429-C1A7-442E-AB2B-CC7FC60A7D3A}"
EndProject
Project("{FAE04EC0-301F-11D3-BF4B-00C04F79EFBC}") = "14.PointInTheFigure", "14.PointInTheFigure\14.PointInTheFigure.csproj", "{804A3504-A448-442E-84B0-0992F906FDF5}"
EndProject
Project("{FAE04EC0-301F-11D3-BF4B-00C04F79EFBC}") = "15.OnTimeForTheExam", "15.OnTimeForTheExam\15.OnTimeForTheExam.csproj", "{4AFC49AB-744B-4288-8756-72C1F2562B95}"
EndProject
Global
	GlobalSection(SolutionConfigurationPlatforms) = preSolution
		Debug|Any CPU = Debug|Any CPU
		Release|Any CPU = Release|Any CPU
	EndGlobalSection
	GlobalSection(ProjectConfigurationPlatforms) = postSolution
		{E0BF7BA4-0194-423C-8820-0CED8CC6D206}.Debug|Any CPU.ActiveCfg = Debug|Any CPU
		{E0BF7BA4-0194-423C-8820-0CED8CC6D206}.Debug|Any CPU.Build.0 = Debug|Any CPU
		{E0BF7BA4-0194-423C-8820-0CED8CC6D206}.Release|Any CPU.ActiveCfg = Release|Any CPU
		{E0BF7BA4-0194-423C-8820-0CED8CC6D206}.Release|Any CPU.Build.0 = Release|Any CPU
		{D599D503-54A2-421C-B21C-8496D4A40F34}.Debug|Any CPU.ActiveCfg = Debug|Any CPU
		{D599D503-54A2-421C-B21C-8496D4A40F34}.Debug|Any CPU.Build.0 = Debug|Any CPU
		{D599D503-54A2-421C-B21C-8496D4A40F34}.Release|Any CPU.ActiveCfg = Release|Any CPU
		{D599D503-54A2-421C-B21C-8496D4A40F34}.Release|Any CPU.Build.0 = Release|Any CPU
		{D9851D2E-6FA3-4AEB-9A4C-D0B996956E24}.Debug|Any CPU.ActiveCfg = Debug|Any CPU
		{D9851D2E-6FA3-4AEB-9A4C-D0B996956E24}.Debug|Any CPU.Build.0 = Debug|Any CPU
		{D9851D2E-6FA3-4AEB-9A4C-D0B996956E24}.Release|Any CPU.ActiveCfg = Release|Any CPU
		{D9851D2E-6FA3-4AEB-9A4C-D0B996956E24}.Release|Any CPU.Build.0 = Release|Any CPU
		{F2405C14-3FF3-44DD-86D1-86279BB32526}.Debug|Any CPU.ActiveCfg = Debug|Any CPU
		{F2405C14-3FF3-44DD-86D1-86279BB32526}.Debug|Any CPU.Build.0 = Debug|Any CPU
		{F2405C14-3FF3-44DD-86D1-86279BB32526}.Release|Any CPU.ActiveCfg = Release|Any CPU
		{F2405C14-3FF3-44DD-86D1-86279BB32526}.Release|Any CPU.Build.0 = Release|Any CPU
		{68AD0B7E-B439-49DD-839F-E5BD93EC75F7}.Debug|Any CPU.ActiveCfg = Debug|Any CPU
		{68AD0B7E-B439-49DD-839F-E5BD93EC75F7}.Debug|Any CPU.Build.0 = Debug|Any CPU
		{68AD0B7E-B439-49DD-839F-E5BD93EC75F7}.Release|Any CPU.ActiveCfg = Release|Any CPU
		{68AD0B7E-B439-49DD-839F-E5BD93EC75F7}.Release|Any CPU.Build.0 = Release|Any CPU
		{42EC8184-0B2C-4BA6-B87E-6C944F41CB17}.Debug|Any CPU.ActiveCfg = Debug|Any CPU
		{42EC8184-0B2C-4BA6-B87E-6C944F41CB17}.Debug|Any CPU.Build.0 = Debug|Any CPU
		{42EC8184-0B2C-4BA6-B87E-6C944F41CB17}.Release|Any CPU.ActiveCfg = Release|Any CPU
		{42EC8184-0B2C-4BA6-B87E-6C944F41CB17}.Release|Any CPU.Build.0 = Release|Any CPU
		{261C7E49-FC6A-4C70-AD78-A19D9A5374FE}.Debug|Any CPU.ActiveCfg = Debug|Any CPU
		{261C7E49-FC6A-4C70-AD78-A19D9A5374FE}.Debug|Any CPU.Build.0 = Debug|Any CPU
		{261C7E49-FC6A-4C70-AD78-A19D9A5374FE}.Release|Any CPU.ActiveCfg = Release|Any CPU
		{261C7E49-FC6A-4C70-AD78-A19D9A5374FE}.Release|Any CPU.Build.0 = Release|Any CPU
		{A21653DD-E130-4E74-BD6F-80BBED73B2DD}.Debug|Any CPU.ActiveCfg = Debug|Any CPU
		{A21653DD-E130-4E74-BD6F-80BBED73B2DD}.Debug|Any CPU.Build.0 = Debug|Any CPU
		{A21653DD-E130-4E74-BD6F-80BBED73B2DD}.Release|Any CPU.ActiveCfg = Release|Any CPU
		{A21653DD-E130-4E74-BD6F-80BBED73B2DD}.Release|Any CPU.Build.0 = Release|Any CPU
		{C18DB166-5BC5-4D1F-A689-2A552587A024}.Debug|Any CPU.ActiveCfg = Debug|Any CPU
		{C18DB166-5BC5-4D1F-A689-2A552587A024}.Debug|Any CPU.Build.0 = Debug|Any CPU
		{C18DB166-5BC5-4D1F-A689-2A552587A024}.Release|Any CPU.ActiveCfg = Release|Any CPU
		{C18DB166-5BC5-4D1F-A689-2A552587A024}.Release|Any CPU.Build.0 = Release|Any CPU
		{9BD289DE-7497-4017-A705-5078D517D505}.Debug|Any CPU.ActiveCfg = Debug|Any CPU
		{9BD289DE-7497-4017-A705-5078D517D505}.Debug|Any CPU.Build.0 = Debug|Any CPU
		{9BD289DE-7497-4017-A705-5078D517D505}.Release|Any CPU.ActiveCfg = Release|Any CPU
		{9BD289DE-7497-4017-A705-5078D517D505}.Release|Any CPU.Build.0 = Release|Any CPU
		{37F661FE-6124-4D97-9B3C-930CD2BD2022}.Debug|Any CPU.ActiveCfg = Debug|Any CPU
		{37F661FE-6124-4D97-9B3C-930CD2BD2022}.Debug|Any CPU.Build.0 = Debug|Any CPU
		{37F661FE-6124-4D97-9B3C-930CD2BD2022}.Release|Any CPU.ActiveCfg = Release|Any CPU
		{37F661FE-6124-4D97-9B3C-930CD2BD2022}.Release|Any CPU.Build.0 = Release|Any CPU
		{DD34DA0A-30E0-4D53-910F-DC1C5BCFA8B2}.Debug|Any CPU.ActiveCfg = Debug|Any CPU
		{DD34DA0A-30E0-4D53-910F-DC1C5BCFA8B2}.Debug|Any CPU.Build.0 = Debug|Any CPU
		{DD34DA0A-30E0-4D53-910F-DC1C5BCFA8B2}.Release|Any CPU.ActiveCfg = Release|Any CPU
		{DD34DA0A-30E0-4D53-910F-DC1C5BCFA8B2}.Release|Any CPU.Build.0 = Release|Any CPU
		{2A04A429-C1A7-442E-AB2B-CC7FC60A7D3A}.Debug|Any CPU.ActiveCfg = Debug|Any CPU
		{2A04A429-C1A7-442E-AB2B-CC7FC60A7D3A}.Debug|Any CPU.Build.0 = Debug|Any CPU
		{2A04A429-C1A7-442E-AB2B-CC7FC60A7D3A}.Release|Any CPU.ActiveCfg = Release|Any CPU
		{2A04A429-C1A7-442E-AB2B-CC7FC60A7D3A}.Release|Any CPU.Build.0 = Release|Any CPU
		{804A3504-A448-442E-84B0-0992F906FDF5}.Debug|Any CPU.ActiveCfg = Debug|Any CPU
		{804A3504-A448-442E-84B0-0992F906FDF5}.Debug|Any CPU.Build.0 = Debug|Any CPU
		{804A3504-A448-442E-84B0-0992F906FDF5}.Release|Any CPU.ActiveCfg = Release|Any CPU
		{804A3504-A448-442E-84B0-0992F906FDF5}.Release|Any CPU.Build.0 = Release|Any CPU
		{4AFC49AB-744B-4288-8756-72C1F2562B95}.Debug|Any CPU.ActiveCfg = Debug|Any CPU
		{4AFC49AB-744B-4288-8756-72C1F2562B95}.Debug|Any CPU.Build.0 = Debug|Any CPU
		{4AFC49AB-744B-4288-8756-72C1F2562B95}.Release|Any CPU.ActiveCfg = Release|Any CPU
		{4AFC49AB-744B-4288-8756-72C1F2562B95}.Release|Any CPU.Build.0 = Release|Any CPU
	EndGlobalSection
	GlobalSection(SolutionProperties) = preSolution
		HideSolutionNode = FALSE
	EndGlobalSection
EndGlobal
