
Microsoft Visual Studio Solution File, Format Version 12.00
# Visual Studio 14
VisualStudioVersion = 14.0.25420.1
MinimumVisualStudioVersion = 10.0.40219.1
Project("{FAE04EC0-301F-11D3-BF4B-00C04F79EFBC}") = "01.NumbersFrom1To100", "01.NumbersFrom1To100\01.NumbersFrom1To100.csproj", "{49EB34E2-4CC3-4641-B14A-EDD7554237F4}"
EndProject
Project("{FAE04EC0-301F-11D3-BF4B-00C04F79EFBC}") = "02.NumbersEndingIn7", "02.NumbersEndingIn7\02.NumbersEndingIn7.csproj", "{7346BEB5-23C3-49C8-B57F-903187735908}"
EndProject
Project("{FAE04EC0-301F-11D3-BF4B-00C04F79EFBC}") = "03.LatinLetters", "03.LatinLetters\03.LatinLetters.csproj", "{E93A80CF-F5EF-4089-8B97-A1D7AEEBDBCD}"
EndProject
Project("{FAE04EC0-301F-11D3-BF4B-00C04F79EFBC}") = "04.SumNumbers", "04.SumNumbers\04.SumNumbers.csproj", "{2D6F9201-571B-4782-88C0-3EA5A755C729}"
EndProject
Project("{FAE04EC0-301F-11D3-BF4B-00C04F79EFBC}") = "05.MaxNumber", "05.MaxNumber\05.MaxNumber.csproj", "{0AB177CB-6DDC-41E2-AC5A-776823EEE54B}"
EndProject
Project("{FAE04EC0-301F-11D3-BF4B-00C04F79EFBC}") = "06.MinNumber", "06.MinNumber\06.MinNumber.csproj", "{717B68EB-C26D-4249-B4F5-CE93E9C4258A}"
EndProject
Project("{FAE04EC0-301F-11D3-BF4B-00C04F79EFBC}") = "07.LeftAndRightSum", "07.LeftAndRightSum\07.LeftAndRightSum.csproj", "{329C24D3-CA90-4BA2-A8EC-9EEC9CD82D8F}"
EndProject
Project("{FAE04EC0-301F-11D3-BF4B-00C04F79EFBC}") = "08.OddEvenSum", "08.OddEvenSum\08.OddEvenSum.csproj", "{7978D7BA-B8AD-488F-A56D-139EB4B02788}"
EndProject
Project("{FAE04EC0-301F-11D3-BF4B-00C04F79EFBC}") = "09.VowelsSum", "09.VowelsSum\09.VowelsSum.csproj", "{3570B47D-B723-4577-BEA0-C03306FD9C85}"
EndProject
Project("{FAE04EC0-301F-11D3-BF4B-00C04F79EFBC}") = "10.HalfSumElement", "10.HalfSumElement\10.HalfSumElement.csproj", "{CBC49AA1-37FD-4DCD-86B9-141EDED2AEB6}"
EndProject
Project("{FAE04EC0-301F-11D3-BF4B-00C04F79EFBC}") = "TurtleGraphics", "TurtleGraphics\TurtleGraphics.csproj", "{09994805-191C-40B7-B3EE-D538A8EF73B9}"
EndProject
Project("{FAE04EC0-301F-11D3-BF4B-00C04F79EFBC}") = "11.HalfSumElement", "11.HalfSumElement\11.HalfSumElement.csproj", "{B6F39783-DA8E-4F0D-9512-20100419BCD7}"
EndProject
Project("{FAE04EC0-301F-11D3-BF4B-00C04F79EFBC}") = "11.OddOrEvenPosition", "11.OddOrEvenPosition\11.OddOrEvenPosition.csproj", "{3F7A62D2-0280-4826-9BF1-C788E6F24920}"
EndProject
Project("{FAE04EC0-301F-11D3-BF4B-00C04F79EFBC}") = "12.EqualPairs", "12.EqualPairs\12.EqualPairs.csproj", "{BDFF9B73-4A74-4D49-A533-55857D4E1A33}"
EndProject
Project("{FAE04EC0-301F-11D3-BF4B-00C04F79EFBC}") = "19.Histogram", "19.Histogram\19.Histogram.csproj", "{DB2A2E0B-CFDA-4FD3-9929-1D2A0D1CBD6B}"
EndProject
Project("{FAE04EC0-301F-11D3-BF4B-00C04F79EFBC}") = "21.DivisionWithoutRest", "21.DivisionWithoutRest\21.DivisionWithoutRest.csproj", "{32AE0FA6-C744-428A-8C0C-F5E85994F03D}"
EndProject
Global
	GlobalSection(SolutionConfigurationPlatforms) = preSolution
		Debug|Any CPU = Debug|Any CPU
		Release|Any CPU = Release|Any CPU
	EndGlobalSection
	GlobalSection(ProjectConfigurationPlatforms) = postSolution
		{49EB34E2-4CC3-4641-B14A-EDD7554237F4}.Debug|Any CPU.ActiveCfg = Debug|Any CPU
		{49EB34E2-4CC3-4641-B14A-EDD7554237F4}.Debug|Any CPU.Build.0 = Debug|Any CPU
		{49EB34E2-4CC3-4641-B14A-EDD7554237F4}.Release|Any CPU.ActiveCfg = Release|Any CPU
		{49EB34E2-4CC3-4641-B14A-EDD7554237F4}.Release|Any CPU.Build.0 = Release|Any CPU
		{7346BEB5-23C3-49C8-B57F-903187735908}.Debug|Any CPU.ActiveCfg = Debug|Any CPU
		{7346BEB5-23C3-49C8-B57F-903187735908}.Debug|Any CPU.Build.0 = Debug|Any CPU
		{7346BEB5-23C3-49C8-B57F-903187735908}.Release|Any CPU.ActiveCfg = Release|Any CPU
		{7346BEB5-23C3-49C8-B57F-903187735908}.Release|Any CPU.Build.0 = Release|Any CPU
		{E93A80CF-F5EF-4089-8B97-A1D7AEEBDBCD}.Debug|Any CPU.ActiveCfg = Debug|Any CPU
		{E93A80CF-F5EF-4089-8B97-A1D7AEEBDBCD}.Debug|Any CPU.Build.0 = Debug|Any CPU
		{E93A80CF-F5EF-4089-8B97-A1D7AEEBDBCD}.Release|Any CPU.ActiveCfg = Release|Any CPU
		{E93A80CF-F5EF-4089-8B97-A1D7AEEBDBCD}.Release|Any CPU.Build.0 = Release|Any CPU
		{2D6F9201-571B-4782-88C0-3EA5A755C729}.Debug|Any CPU.ActiveCfg = Debug|Any CPU
		{2D6F9201-571B-4782-88C0-3EA5A755C729}.Debug|Any CPU.Build.0 = Debug|Any CPU
		{2D6F9201-571B-4782-88C0-3EA5A755C729}.Release|Any CPU.ActiveCfg = Release|Any CPU
		{2D6F9201-571B-4782-88C0-3EA5A755C729}.Release|Any CPU.Build.0 = Release|Any CPU
		{0AB177CB-6DDC-41E2-AC5A-776823EEE54B}.Debug|Any CPU.ActiveCfg = Debug|Any CPU
		{0AB177CB-6DDC-41E2-AC5A-776823EEE54B}.Debug|Any CPU.Build.0 = Debug|Any CPU
		{0AB177CB-6DDC-41E2-AC5A-776823EEE54B}.Release|Any CPU.ActiveCfg = Release|Any CPU
		{0AB177CB-6DDC-41E2-AC5A-776823EEE54B}.Release|Any CPU.Build.0 = Release|Any CPU
		{717B68EB-C26D-4249-B4F5-CE93E9C4258A}.Debug|Any CPU.ActiveCfg = Debug|Any CPU
		{717B68EB-C26D-4249-B4F5-CE93E9C4258A}.Debug|Any CPU.Build.0 = Debug|Any CPU
		{717B68EB-C26D-4249-B4F5-CE93E9C4258A}.Release|Any CPU.ActiveCfg = Release|Any CPU
		{717B68EB-C26D-4249-B4F5-CE93E9C4258A}.Release|Any CPU.Build.0 = Release|Any CPU
		{329C24D3-CA90-4BA2-A8EC-9EEC9CD82D8F}.Debug|Any CPU.ActiveCfg = Debug|Any CPU
		{329C24D3-CA90-4BA2-A8EC-9EEC9CD82D8F}.Debug|Any CPU.Build.0 = Debug|Any CPU
		{329C24D3-CA90-4BA2-A8EC-9EEC9CD82D8F}.Release|Any CPU.ActiveCfg = Release|Any CPU
		{329C24D3-CA90-4BA2-A8EC-9EEC9CD82D8F}.Release|Any CPU.Build.0 = Release|Any CPU
		{7978D7BA-B8AD-488F-A56D-139EB4B02788}.Debug|Any CPU.ActiveCfg = Debug|Any CPU
		{7978D7BA-B8AD-488F-A56D-139EB4B02788}.Debug|Any CPU.Build.0 = Debug|Any CPU
		{7978D7BA-B8AD-488F-A56D-139EB4B02788}.Release|Any CPU.ActiveCfg = Release|Any CPU
		{7978D7BA-B8AD-488F-A56D-139EB4B02788}.Release|Any CPU.Build.0 = Release|Any CPU
		{3570B47D-B723-4577-BEA0-C03306FD9C85}.Debug|Any CPU.ActiveCfg = Debug|Any CPU
		{3570B47D-B723-4577-BEA0-C03306FD9C85}.Debug|Any CPU.Build.0 = Debug|Any CPU
		{3570B47D-B723-4577-BEA0-C03306FD9C85}.Release|Any CPU.ActiveCfg = Release|Any CPU
		{3570B47D-B723-4577-BEA0-C03306FD9C85}.Release|Any CPU.Build.0 = Release|Any CPU
		{CBC49AA1-37FD-4DCD-86B9-141EDED2AEB6}.Debug|Any CPU.ActiveCfg = Debug|Any CPU
		{CBC49AA1-37FD-4DCD-86B9-141EDED2AEB6}.Debug|Any CPU.Build.0 = Debug|Any CPU
		{CBC49AA1-37FD-4DCD-86B9-141EDED2AEB6}.Release|Any CPU.ActiveCfg = Release|Any CPU
		{CBC49AA1-37FD-4DCD-86B9-141EDED2AEB6}.Release|Any CPU.Build.0 = Release|Any CPU
		{09994805-191C-40B7-B3EE-D538A8EF73B9}.Debug|Any CPU.ActiveCfg = Debug|Any CPU
		{09994805-191C-40B7-B3EE-D538A8EF73B9}.Debug|Any CPU.Build.0 = Debug|Any CPU
		{09994805-191C-40B7-B3EE-D538A8EF73B9}.Release|Any CPU.ActiveCfg = Release|Any CPU
		{09994805-191C-40B7-B3EE-D538A8EF73B9}.Release|Any CPU.Build.0 = Release|Any CPU
		{B6F39783-DA8E-4F0D-9512-20100419BCD7}.Debug|Any CPU.ActiveCfg = Debug|Any CPU
		{B6F39783-DA8E-4F0D-9512-20100419BCD7}.Debug|Any CPU.Build.0 = Debug|Any CPU
		{B6F39783-DA8E-4F0D-9512-20100419BCD7}.Release|Any CPU.ActiveCfg = Release|Any CPU
		{B6F39783-DA8E-4F0D-9512-20100419BCD7}.Release|Any CPU.Build.0 = Release|Any CPU
		{3F7A62D2-0280-4826-9BF1-C788E6F24920}.Debug|Any CPU.ActiveCfg = Debug|Any CPU
		{3F7A62D2-0280-4826-9BF1-C788E6F24920}.Debug|Any CPU.Build.0 = Debug|Any CPU
		{3F7A62D2-0280-4826-9BF1-C788E6F24920}.Release|Any CPU.ActiveCfg = Release|Any CPU
		{3F7A62D2-0280-4826-9BF1-C788E6F24920}.Release|Any CPU.Build.0 = Release|Any CPU
		{BDFF9B73-4A74-4D49-A533-55857D4E1A33}.Debug|Any CPU.ActiveCfg = Debug|Any CPU
		{BDFF9B73-4A74-4D49-A533-55857D4E1A33}.Debug|Any CPU.Build.0 = Debug|Any CPU
		{BDFF9B73-4A74-4D49-A533-55857D4E1A33}.Release|Any CPU.ActiveCfg = Release|Any CPU
		{BDFF9B73-4A74-4D49-A533-55857D4E1A33}.Release|Any CPU.Build.0 = Release|Any CPU
		{DB2A2E0B-CFDA-4FD3-9929-1D2A0D1CBD6B}.Debug|Any CPU.ActiveCfg = Debug|Any CPU
		{DB2A2E0B-CFDA-4FD3-9929-1D2A0D1CBD6B}.Debug|Any CPU.Build.0 = Debug|Any CPU
		{DB2A2E0B-CFDA-4FD3-9929-1D2A0D1CBD6B}.Release|Any CPU.ActiveCfg = Release|Any CPU
		{DB2A2E0B-CFDA-4FD3-9929-1D2A0D1CBD6B}.Release|Any CPU.Build.0 = Release|Any CPU
		{32AE0FA6-C744-428A-8C0C-F5E85994F03D}.Debug|Any CPU.ActiveCfg = Debug|Any CPU
		{32AE0FA6-C744-428A-8C0C-F5E85994F03D}.Debug|Any CPU.Build.0 = Debug|Any CPU
		{32AE0FA6-C744-428A-8C0C-F5E85994F03D}.Release|Any CPU.ActiveCfg = Release|Any CPU
		{32AE0FA6-C744-428A-8C0C-F5E85994F03D}.Release|Any CPU.Build.0 = Release|Any CPU
	EndGlobalSection
	GlobalSection(SolutionProperties) = preSolution
		HideSolutionNode = FALSE
	EndGlobalSection
EndGlobal
