
Microsoft Visual Studio Solution File, Format Version 12.00
# Visual Studio 14
VisualStudioVersion = 14.0.25420.1
MinimumVisualStudioVersion = 10.0.40219.1
Project("{FAE04EC0-301F-11D3-BF4B-00C04F79EFBC}") = "01.RectangleOfStars", "06.DrawingWithLoops\01.RectangleOfStars.csproj", "{8040B957-E183-46E3-8E5B-A82A1F76B5C5}"
EndProject
Project("{FAE04EC0-301F-11D3-BF4B-00C04F79EFBC}") = "02.RectangleOfN", "02.RectangleOfN\02.RectangleOfN.csproj", "{E4472CEE-CE24-4EE9-95A2-328A2802BC95}"
EndProject
Project("{FAE04EC0-301F-11D3-BF4B-00C04F79EFBC}") = "03.SquareOfStars", "03.SquareOfStars\03.SquareOfStars.csproj", "{8DF4D1F4-0BBD-4E48-ADFC-0389D1684A9E}"
EndProject
Project("{FAE04EC0-301F-11D3-BF4B-00C04F79EFBC}") = "04.TriangleOfDollars", "04.TriangleOfDollars\04.TriangleOfDollars.csproj", "{261145A5-27F4-447B-BBA0-57FD202579BD}"
EndProject
Project("{FAE04EC0-301F-11D3-BF4B-00C04F79EFBC}") = "05.SquareFrame", "05.SquareFrame\05.SquareFrame.csproj", "{1D7E2F1A-9DBD-4C29-938B-B192A3A466E4}"
EndProject
Project("{FAE04EC0-301F-11D3-BF4B-00C04F79EFBC}") = "06.RhombusOfStars", "06.RhombusOfStars\06.RhombusOfStars.csproj", "{E22E61DF-B520-44DC-A241-3D84C4E0AD62}"
EndProject
Project("{FAE04EC0-301F-11D3-BF4B-00C04F79EFBC}") = "07.ChristmasTree", "07.ChristmasTree\07.ChristmasTree.csproj", "{6CFDACCD-ECD9-4F4C-A796-054F2AAC2CC4}"
EndProject
Project("{FAE04EC0-301F-11D3-BF4B-00C04F79EFBC}") = "08.Sunglasses", "08.Sunglasses\08.Sunglasses.csproj", "{F6B485B4-EE60-4805-917E-86EA6C9AD89D}"
EndProject
Project("{FAE04EC0-301F-11D3-BF4B-00C04F79EFBC}") = "09.House", "09.House\09.House.csproj", "{5694E89D-57B6-4035-87A8-59438C2CA1F2}"
EndProject
Project("{FAE04EC0-301F-11D3-BF4B-00C04F79EFBC}") = "10.Diamond", "10.Diamond\10.Diamond.csproj", "{A5868D11-740E-49DA-88E4-FEED6E8DC92C}"
EndProject
Global
	GlobalSection(SolutionConfigurationPlatforms) = preSolution
		Debug|Any CPU = Debug|Any CPU
		Release|Any CPU = Release|Any CPU
	EndGlobalSection
	GlobalSection(ProjectConfigurationPlatforms) = postSolution
		{8040B957-E183-46E3-8E5B-A82A1F76B5C5}.Debug|Any CPU.ActiveCfg = Debug|Any CPU
		{8040B957-E183-46E3-8E5B-A82A1F76B5C5}.Debug|Any CPU.Build.0 = Debug|Any CPU
		{8040B957-E183-46E3-8E5B-A82A1F76B5C5}.Release|Any CPU.ActiveCfg = Release|Any CPU
		{8040B957-E183-46E3-8E5B-A82A1F76B5C5}.Release|Any CPU.Build.0 = Release|Any CPU
		{E4472CEE-CE24-4EE9-95A2-328A2802BC95}.Debug|Any CPU.ActiveCfg = Debug|Any CPU
		{E4472CEE-CE24-4EE9-95A2-328A2802BC95}.Debug|Any CPU.Build.0 = Debug|Any CPU
		{E4472CEE-CE24-4EE9-95A2-328A2802BC95}.Release|Any CPU.ActiveCfg = Release|Any CPU
		{E4472CEE-CE24-4EE9-95A2-328A2802BC95}.Release|Any CPU.Build.0 = Release|Any CPU
		{8DF4D1F4-0BBD-4E48-ADFC-0389D1684A9E}.Debug|Any CPU.ActiveCfg = Debug|Any CPU
		{8DF4D1F4-0BBD-4E48-ADFC-0389D1684A9E}.Debug|Any CPU.Build.0 = Debug|Any CPU
		{8DF4D1F4-0BBD-4E48-ADFC-0389D1684A9E}.Release|Any CPU.ActiveCfg = Release|Any CPU
		{8DF4D1F4-0BBD-4E48-ADFC-0389D1684A9E}.Release|Any CPU.Build.0 = Release|Any CPU
		{261145A5-27F4-447B-BBA0-57FD202579BD}.Debug|Any CPU.ActiveCfg = Debug|Any CPU
		{261145A5-27F4-447B-BBA0-57FD202579BD}.Debug|Any CPU.Build.0 = Debug|Any CPU
		{261145A5-27F4-447B-BBA0-57FD202579BD}.Release|Any CPU.ActiveCfg = Release|Any CPU
		{261145A5-27F4-447B-BBA0-57FD202579BD}.Release|Any CPU.Build.0 = Release|Any CPU
		{1D7E2F1A-9DBD-4C29-938B-B192A3A466E4}.Debug|Any CPU.ActiveCfg = Debug|Any CPU
		{1D7E2F1A-9DBD-4C29-938B-B192A3A466E4}.Debug|Any CPU.Build.0 = Debug|Any CPU
		{1D7E2F1A-9DBD-4C29-938B-B192A3A466E4}.Release|Any CPU.ActiveCfg = Release|Any CPU
		{1D7E2F1A-9DBD-4C29-938B-B192A3A466E4}.Release|Any CPU.Build.0 = Release|Any CPU
		{E22E61DF-B520-44DC-A241-3D84C4E0AD62}.Debug|Any CPU.ActiveCfg = Debug|Any CPU
		{E22E61DF-B520-44DC-A241-3D84C4E0AD62}.Debug|Any CPU.Build.0 = Debug|Any CPU
		{E22E61DF-B520-44DC-A241-3D84C4E0AD62}.Release|Any CPU.ActiveCfg = Release|Any CPU
		{E22E61DF-B520-44DC-A241-3D84C4E0AD62}.Release|Any CPU.Build.0 = Release|Any CPU
		{6CFDACCD-ECD9-4F4C-A796-054F2AAC2CC4}.Debug|Any CPU.ActiveCfg = Debug|Any CPU
		{6CFDACCD-ECD9-4F4C-A796-054F2AAC2CC4}.Debug|Any CPU.Build.0 = Debug|Any CPU
		{6CFDACCD-ECD9-4F4C-A796-054F2AAC2CC4}.Release|Any CPU.ActiveCfg = Release|Any CPU
		{6CFDACCD-ECD9-4F4C-A796-054F2AAC2CC4}.Release|Any CPU.Build.0 = Release|Any CPU
		{F6B485B4-EE60-4805-917E-86EA6C9AD89D}.Debug|Any CPU.ActiveCfg = Debug|Any CPU
		{F6B485B4-EE60-4805-917E-86EA6C9AD89D}.Debug|Any CPU.Build.0 = Debug|Any CPU
		{F6B485B4-EE60-4805-917E-86EA6C9AD89D}.Release|Any CPU.ActiveCfg = Release|Any CPU
		{F6B485B4-EE60-4805-917E-86EA6C9AD89D}.Release|Any CPU.Build.0 = Release|Any CPU
		{5694E89D-57B6-4035-87A8-59438C2CA1F2}.Debug|Any CPU.ActiveCfg = Debug|Any CPU
		{5694E89D-57B6-4035-87A8-59438C2CA1F2}.Debug|Any CPU.Build.0 = Debug|Any CPU
		{5694E89D-57B6-4035-87A8-59438C2CA1F2}.Release|Any CPU.ActiveCfg = Release|Any CPU
		{5694E89D-57B6-4035-87A8-59438C2CA1F2}.Release|Any CPU.Build.0 = Release|Any CPU
		{A5868D11-740E-49DA-88E4-FEED6E8DC92C}.Debug|Any CPU.ActiveCfg = Debug|Any CPU
		{A5868D11-740E-49DA-88E4-FEED6E8DC92C}.Debug|Any CPU.Build.0 = Debug|Any CPU
		{A5868D11-740E-49DA-88E4-FEED6E8DC92C}.Release|Any CPU.ActiveCfg = Release|Any CPU
		{A5868D11-740E-49DA-88E4-FEED6E8DC92C}.Release|Any CPU.Build.0 = Release|Any CPU
	EndGlobalSection
	GlobalSection(SolutionProperties) = preSolution
		HideSolutionNode = FALSE
	EndGlobalSection
EndGlobal
